
Microsoft Visual Studio Solution File, Format Version 11.00
# Visual Studio 2010
Project("{FAE04EC0-301F-11D3-BF4B-00C04F79EFBC}") = "rgr", "rgr\rgr.csproj", "{E5E25E97-0EA7-42DC-B11A-2A48EB817711}"
EndProject
Global
	GlobalSection(SolutionConfigurationPlatforms) = preSolution
		Debug|x86 = Debug|x86
		Release|x86 = Release|x86
	EndGlobalSection
	GlobalSection(ProjectConfigurationPlatforms) = postSolution
		{E5E25E97-0EA7-42DC-B11A-2A48EB817711}.Debug|x86.ActiveCfg = Debug|x86
		{E5E25E97-0EA7-42DC-B11A-2A48EB817711}.Debug|x86.Build.0 = Debug|x86
		{E5E25E97-0EA7-42DC-B11A-2A48EB817711}.Release|x86.ActiveCfg = Release|x86
		{E5E25E97-0EA7-42DC-B11A-2A48EB817711}.Release|x86.Build.0 = Release|x86
	EndGlobalSection
	GlobalSection(SolutionProperties) = preSolution
		HideSolutionNode = FALSE
	EndGlobalSection
EndGlobal
